# This file is automatically @generated by Poetry and should not be changed by hand.

[[package]]
name = "mypy-protobuf"
version = "3.4.0"
description = "Generate mypy stub files from protobuf specs"
category = "main"
optional = false
python-versions = ">=3.7"
files = [
    {file = "mypy-protobuf-3.4.0.tar.gz", hash = "sha256:7d75a079651b105076776a35a5405e3fa773b8a167118f1b712e443e9a6c18a2"},
    {file = "mypy_protobuf-3.4.0-py3-none-any.whl", hash = "sha256:da33dfde7547ff57e5ba5564126cbfa114f14413b2fa50759b1fa5de1e4ab511"},
]

[package.dependencies]
protobuf = ">=4.21.8"
types-protobuf = ">=3.20.4"

[[package]]
name = "protobuf"
version = "4.21.12"
description = ""
category = "main"
optional = false
python-versions = ">=3.7"
files = [
    {file = "protobuf-4.21.12-cp310-abi3-win32.whl", hash = "sha256:b135410244ebe777db80298297a97fbb4c862c881b4403b71bac9d4107d61fd1"},
    {file = "protobuf-4.21.12-cp310-abi3-win_amd64.whl", hash = "sha256:89f9149e4a0169cddfc44c74f230d7743002e3aa0b9472d8c28f0388102fc4c2"},
    {file = "protobuf-4.21.12-cp37-abi3-macosx_10_9_universal2.whl", hash = "sha256:299ea899484ee6f44604deb71f424234f654606b983cb496ea2a53e3c63ab791"},
    {file = "protobuf-4.21.12-cp37-abi3-manylinux2014_aarch64.whl", hash = "sha256:d1736130bce8cf131ac7957fa26880ca19227d4ad68b4888b3be0dea1f95df97"},
    {file = "protobuf-4.21.12-cp37-abi3-manylinux2014_x86_64.whl", hash = "sha256:78a28c9fa223998472886c77042e9b9afb6fe4242bd2a2a5aced88e3f4422aa7"},
    {file = "protobuf-4.21.12-cp37-cp37m-win32.whl", hash = "sha256:3d164928ff0727d97022957c2b849250ca0e64777ee31efd7d6de2e07c494717"},
    {file = "protobuf-4.21.12-cp37-cp37m-win_amd64.whl", hash = "sha256:f45460f9ee70a0ec1b6694c6e4e348ad2019275680bd68a1d9314b8c7e01e574"},
    {file = "protobuf-4.21.12-cp38-cp38-win32.whl", hash = "sha256:6ab80df09e3208f742c98443b6166bcb70d65f52cfeb67357d52032ea1ae9bec"},
    {file = "protobuf-4.21.12-cp38-cp38-win_amd64.whl", hash = "sha256:1f22ac0ca65bb70a876060d96d914dae09ac98d114294f77584b0d2644fa9c30"},
    {file = "protobuf-4.21.12-cp39-cp39-win32.whl", hash = "sha256:27f4d15021da6d2b706ddc3860fac0a5ddaba34ab679dc182b60a8bb4e1121cc"},
    {file = "protobuf-4.21.12-cp39-cp39-win_amd64.whl", hash = "sha256:237216c3326d46808a9f7c26fd1bd4b20015fb6867dc5d263a493ef9a539293b"},
    {file = "protobuf-4.21.12-py2.py3-none-any.whl", hash = "sha256:a53fd3f03e578553623272dc46ac2f189de23862e68565e83dde203d41b76fc5"},
    {file = "protobuf-4.21.12-py3-none-any.whl", hash = "sha256:b98d0148f84e3a3c569e19f52103ca1feacdac0d2df8d6533cf983d1fda28462"},
    {file = "protobuf-4.21.12.tar.gz", hash = "sha256:7cd532c4566d0e6feafecc1059d04c7915aec8e182d1cf7adee8b24ef1e2e6ab"},
]

[[package]]
name = "types-protobuf"
version = "4.21.0.3"
description = "Typing stubs for protobuf"
category = "main"
optional = false
python-versions = "*"
files = [
    {file = "types-protobuf-4.21.0.3.tar.gz", hash = "sha256:824109e0fe87525a9d2da4cc4eec36ca004f1a0f3d1c0838cfd2873a484cffdd"},
    {file = "types_protobuf-4.21.0.3-py3-none-any.whl", hash = "sha256:6c87c7f8df61d57a53de8221777e4fcc3c7ed24419fbf43b8e9f50887f3773fa"},
]

[metadata]
lock-version = "2.0"
python-versions = "^3.9"
content-hash = "601e4b23494dcbaa0705d02d7cbaf0ffb9809b7ea0566772fa086fffd6d67208"
