
Microsoft Visual Studio Solution File, Format Version 12.00
# Visual Studio Version 17
VisualStudioVersion = 17.3.32804.467
MinimumVisualStudioVersion = 10.0.40219.1
Project("{FAE04EC0-301F-11D3-BF4B-00C04F79EFBC}") = "InspectAssembly", "InspectAssembly\InspectAssembly.csproj", "{89A5830C-EE94-4917-A978-30572339A1C7}"
EndProject
Global
	GlobalSection(SolutionConfigurationPlatforms) = preSolution
		Debug|Any CPU = Debug|Any CPU
		Release|Any CPU = Release|Any CPU
	EndGlobalSection
	GlobalSection(ProjectConfigurationPlatforms) = postSolution
		{89A5830C-EE94-4917-A978-30572339A1C7}.Debug|Any CPU.ActiveCfg = Debug|Any CPU
		{89A5830C-EE94-4917-A978-30572339A1C7}.Debug|Any CPU.Build.0 = Debug|Any CPU
		{89A5830C-EE94-4917-A978-30572339A1C7}.Release|Any CPU.ActiveCfg = Release|Any CPU
		{89A5830C-EE94-4917-A978-30572339A1C7}.Release|Any CPU.Build.0 = Release|Any CPU
	EndGlobalSection
	GlobalSection(SolutionProperties) = preSolution
		HideSolutionNode = FALSE
	EndGlobalSection
	GlobalSection(ExtensibilityGlobals) = postSolution
		SolutionGuid = {A7AFB945-4341-4030-8505-E330F939BE35}
	EndGlobalSection
EndGlobal
